
Microsoft Visual Studio Solution File, Format Version 12.00
# Visual Studio Version 16
VisualStudioVersion = 16.0.31729.503
MinimumVisualStudioVersion = 10.0.40219.1
Project("{9A19103F-16F7-4668-BE54-9A1E7A4F7556}") = "CustomerClassLibrary", "CastomerClassLibrary\CustomerClassLibrary.csproj", "{EA2CF386-CE20-4AE3-8300-33F66B47CCFA}"
EndProject
Project("{FAE04EC0-301F-11D3-BF4B-00C04F79EFBC}") = "CastomerClassLibrary.Test", "test\CastomerClassLibrary.Test\CastomerClassLibrary.Test.csproj", "{D0E1FEF5-10B7-4224-BC73-2A878E2229D6}"
EndProject
Global
	GlobalSection(SolutionConfigurationPlatforms) = preSolution
		Debug|Any CPU = Debug|Any CPU
		Release|Any CPU = Release|Any CPU
	EndGlobalSection
	GlobalSection(ProjectConfigurationPlatforms) = postSolution
		{EA2CF386-CE20-4AE3-8300-33F66B47CCFA}.Debug|Any CPU.ActiveCfg = Debug|Any CPU
		{EA2CF386-CE20-4AE3-8300-33F66B47CCFA}.Debug|Any CPU.Build.0 = Debug|Any CPU
		{EA2CF386-CE20-4AE3-8300-33F66B47CCFA}.Release|Any CPU.ActiveCfg = Release|Any CPU
		{EA2CF386-CE20-4AE3-8300-33F66B47CCFA}.Release|Any CPU.Build.0 = Release|Any CPU
		{D0E1FEF5-10B7-4224-BC73-2A878E2229D6}.Debug|Any CPU.ActiveCfg = Debug|Any CPU
		{D0E1FEF5-10B7-4224-BC73-2A878E2229D6}.Debug|Any CPU.Build.0 = Debug|Any CPU
		{D0E1FEF5-10B7-4224-BC73-2A878E2229D6}.Release|Any CPU.ActiveCfg = Release|Any CPU
		{D0E1FEF5-10B7-4224-BC73-2A878E2229D6}.Release|Any CPU.Build.0 = Release|Any CPU
	EndGlobalSection
	GlobalSection(SolutionProperties) = preSolution
		HideSolutionNode = FALSE
	EndGlobalSection
	GlobalSection(ExtensibilityGlobals) = postSolution
		SolutionGuid = {F96B32B3-9051-4A10-BA3E-956A89E22BE8}
	EndGlobalSection
EndGlobal
